
Microsoft Visual Studio Solution File, Format Version 12.00
# Visual Studio Version 16
VisualStudioVersion = 16.0.29424.173
MinimumVisualStudioVersion = 10.0.40219.1
Project("{FAE04EC0-301F-11D3-BF4B-00C04F79EFBC}") = "SPArte.UI", "SPArte.UI\SPArte.UI.csproj", "{0B4D7165-1CA3-4367-A225-9D2E23D0C6D5}"
EndProject
Global
	GlobalSection(SolutionConfigurationPlatforms) = preSolution
		Debug|Any CPU = Debug|Any CPU
		Release|Any CPU = Release|Any CPU
	EndGlobalSection
	GlobalSection(ProjectConfigurationPlatforms) = postSolution
		{0B4D7165-1CA3-4367-A225-9D2E23D0C6D5}.Debug|Any CPU.ActiveCfg = Debug|Any CPU
		{0B4D7165-1CA3-4367-A225-9D2E23D0C6D5}.Debug|Any CPU.Build.0 = Debug|Any CPU
		{0B4D7165-1CA3-4367-A225-9D2E23D0C6D5}.Release|Any CPU.ActiveCfg = Release|Any CPU
		{0B4D7165-1CA3-4367-A225-9D2E23D0C6D5}.Release|Any CPU.Build.0 = Release|Any CPU
	EndGlobalSection
	GlobalSection(SolutionProperties) = preSolution
		HideSolutionNode = FALSE
	EndGlobalSection
	GlobalSection(ExtensibilityGlobals) = postSolution
		SolutionGuid = {2E62C8CA-FCE7-4972-81A7-D7DDF8972545}
	EndGlobalSection
EndGlobal
